
Microsoft Visual Studio Solution File, Format Version 12.00
# Visual Studio Version 18
VisualStudioVersion = 18.3.11312.210 d18.3
MinimumVisualStudioVersion = 10.0.40219.1
Project("{2150E333-8FDC-42A3-9474-1A3956D46DE8}") = "src", "src", "{827E0CD3-B72D-47B6-A68D-7590B98EB39B}"
EndProject
Project("{2150E333-8FDC-42A3-9474-1A3956D46DE8}") = "Core", "Core", "{8D626EA8-CB54-BC41-363A-217881BEBA6E}"
EndProject
Project("{FAE04EC0-301F-11D3-BF4B-00C04F79EFBC}") = "FastFood.OrderHub.Domain", "src\Core\FastFood.OrderHub.Domain\FastFood.OrderHub.Domain.csproj", "{3ADE15C8-84C7-4DAA-81E2-CD5F99A991B8}"
EndProject
Project("{FAE04EC0-301F-11D3-BF4B-00C04F79EFBC}") = "FastFood.OrderHub.Application", "src\Core\FastFood.OrderHub.Application\FastFood.OrderHub.Application.csproj", "{E55D6FE5-F6FE-4784-A334-33463BC4423F}"
EndProject
Project("{FAE04EC0-301F-11D3-BF4B-00C04F79EFBC}") = "FastFood.OrderHub.CrossCutting", "src\Core\FastFood.OrderHub.CrossCutting\FastFood.OrderHub.CrossCutting.csproj", "{45685DD7-4660-4E68-9BF6-6C287D97EBCC}"
EndProject
Project("{2150E333-8FDC-42A3-9474-1A3956D46DE8}") = "InterfacesExternas", "InterfacesExternas", "{68D51686-3FE0-D6A9-BE68-1F75766C3817}"
EndProject
Project("{FAE04EC0-301F-11D3-BF4B-00C04F79EFBC}") = "FastFood.OrderHub.Api", "src\InterfacesExternas\FastFood.OrderHub.Api\FastFood.OrderHub.Api.csproj", "{4B662E8C-5439-46A5-8FDD-9BC9C10BD633}"
EndProject
Project("{2150E333-8FDC-42A3-9474-1A3956D46DE8}") = "tests", "tests", "{CEA09484-30F6-4D44-02F6-822E06DBC57C}"
EndProject
Project("{FAE04EC0-301F-11D3-BF4B-00C04F79EFBC}") = "FastFood.OrderHub.Tests.Unit", "src\tests\FastFood.OrderHub.Tests.Unit\FastFood.OrderHub.Tests.Unit.csproj", "{5360DB85-7B78-4364-96B6-FAEB3BB8FC78}"
EndProject
Project("{FAE04EC0-301F-11D3-BF4B-00C04F79EFBC}") = "FastFood.OrderHub.Migrator", "src\InterfacesExternas\FastFood.OrderHub.Migrator\FastFood.OrderHub.Migrator.csproj", "{4016BD7F-7A09-4A7E-ABF2-2DB4AB497AF8}"
EndProject
Project("{FAE04EC0-301F-11D3-BF4B-00C04F79EFBC}") = "FastFood.OrderHub.Infra", "src\Infra\FastFood.OrderHub.Infra\FastFood.OrderHub.Infra.csproj", "{8D37F7F9-B9AC-FD6F-D94E-855E3FF25200}"
EndProject
Project("{2150E333-8FDC-42A3-9474-1A3956D46DE8}") = "Infra", "Infra", "{9C087ED9-8F72-4EF9-8241-6C9E1FE17531}"
EndProject
Project("{FAE04EC0-301F-11D3-BF4B-00C04F79EFBC}") = "FastFood.OrderHub.Infra.Persistence", "src\Infra\FastFood.OrderHub.Infra.Persistence\FastFood.OrderHub.Infra.Persistence.csproj", "{AC2E187E-5985-35DA-6337-8EB39FEC6917}"
EndProject
Global
	GlobalSection(SolutionConfigurationPlatforms) = preSolution
		Debug|Any CPU = Debug|Any CPU
		Debug|x64 = Debug|x64
		Debug|x86 = Debug|x86
		Release|Any CPU = Release|Any CPU
		Release|x64 = Release|x64
		Release|x86 = Release|x86
	EndGlobalSection
	GlobalSection(ProjectConfigurationPlatforms) = postSolution
		{3ADE15C8-84C7-4DAA-81E2-CD5F99A991B8}.Debug|Any CPU.ActiveCfg = Debug|Any CPU
		{3ADE15C8-84C7-4DAA-81E2-CD5F99A991B8}.Debug|Any CPU.Build.0 = Debug|Any CPU
		{3ADE15C8-84C7-4DAA-81E2-CD5F99A991B8}.Debug|x64.ActiveCfg = Debug|Any CPU
		{3ADE15C8-84C7-4DAA-81E2-CD5F99A991B8}.Debug|x64.Build.0 = Debug|Any CPU
		{3ADE15C8-84C7-4DAA-81E2-CD5F99A991B8}.Debug|x86.ActiveCfg = Debug|Any CPU
		{3ADE15C8-84C7-4DAA-81E2-CD5F99A991B8}.Debug|x86.Build.0 = Debug|Any CPU
		{3ADE15C8-84C7-4DAA-81E2-CD5F99A991B8}.Release|Any CPU.ActiveCfg = Release|Any CPU
		{3ADE15C8-84C7-4DAA-81E2-CD5F99A991B8}.Release|Any CPU.Build.0 = Release|Any CPU
		{3ADE15C8-84C7-4DAA-81E2-CD5F99A991B8}.Release|x64.ActiveCfg = Release|Any CPU
		{3ADE15C8-84C7-4DAA-81E2-CD5F99A991B8}.Release|x64.Build.0 = Release|Any CPU
		{3ADE15C8-84C7-4DAA-81E2-CD5F99A991B8}.Release|x86.ActiveCfg = Release|Any CPU
		{3ADE15C8-84C7-4DAA-81E2-CD5F99A991B8}.Release|x86.Build.0 = Release|Any CPU
		{E55D6FE5-F6FE-4784-A334-33463BC4423F}.Debug|Any CPU.ActiveCfg = Debug|Any CPU
		{E55D6FE5-F6FE-4784-A334-33463BC4423F}.Debug|Any CPU.Build.0 = Debug|Any CPU
		{E55D6FE5-F6FE-4784-A334-33463BC4423F}.Debug|x64.ActiveCfg = Debug|Any CPU
		{E55D6FE5-F6FE-4784-A334-33463BC4423F}.Debug|x64.Build.0 = Debug|Any CPU
		{E55D6FE5-F6FE-4784-A334-33463BC4423F}.Debug|x86.ActiveCfg = Debug|Any CPU
		{E55D6FE5-F6FE-4784-A334-33463BC4423F}.Debug|x86.Build.0 = Debug|Any CPU
		{E55D6FE5-F6FE-4784-A334-33463BC4423F}.Release|Any CPU.ActiveCfg = Release|Any CPU
		{E55D6FE5-F6FE-4784-A334-33463BC4423F}.Release|Any CPU.Build.0 = Release|Any CPU
		{E55D6FE5-F6FE-4784-A334-33463BC4423F}.Release|x64.ActiveCfg = Release|Any CPU
		{E55D6FE5-F6FE-4784-A334-33463BC4423F}.Release|x64.Build.0 = Release|Any CPU
		{E55D6FE5-F6FE-4784-A334-33463BC4423F}.Release|x86.ActiveCfg = Release|Any CPU
		{E55D6FE5-F6FE-4784-A334-33463BC4423F}.Release|x86.Build.0 = Release|Any CPU
		{45685DD7-4660-4E68-9BF6-6C287D97EBCC}.Debug|Any CPU.ActiveCfg = Debug|Any CPU
		{45685DD7-4660-4E68-9BF6-6C287D97EBCC}.Debug|Any CPU.Build.0 = Debug|Any CPU
		{45685DD7-4660-4E68-9BF6-6C287D97EBCC}.Debug|x64.ActiveCfg = Debug|Any CPU
		{45685DD7-4660-4E68-9BF6-6C287D97EBCC}.Debug|x64.Build.0 = Debug|Any CPU
		{45685DD7-4660-4E68-9BF6-6C287D97EBCC}.Debug|x86.ActiveCfg = Debug|Any CPU
		{45685DD7-4660-4E68-9BF6-6C287D97EBCC}.Debug|x86.Build.0 = Debug|Any CPU
		{45685DD7-4660-4E68-9BF6-6C287D97EBCC}.Release|Any CPU.ActiveCfg = Release|Any CPU
		{45685DD7-4660-4E68-9BF6-6C287D97EBCC}.Release|Any CPU.Build.0 = Release|Any CPU
		{45685DD7-4660-4E68-9BF6-6C287D97EBCC}.Release|x64.ActiveCfg = Release|Any CPU
		{45685DD7-4660-4E68-9BF6-6C287D97EBCC}.Release|x64.Build.0 = Release|Any CPU
		{45685DD7-4660-4E68-9BF6-6C287D97EBCC}.Release|x86.ActiveCfg = Release|Any CPU
		{45685DD7-4660-4E68-9BF6-6C287D97EBCC}.Release|x86.Build.0 = Release|Any CPU
		{4B662E8C-5439-46A5-8FDD-9BC9C10BD633}.Debug|Any CPU.ActiveCfg = Debug|Any CPU
		{4B662E8C-5439-46A5-8FDD-9BC9C10BD633}.Debug|Any CPU.Build.0 = Debug|Any CPU
		{4B662E8C-5439-46A5-8FDD-9BC9C10BD633}.Debug|x64.ActiveCfg = Debug|Any CPU
		{4B662E8C-5439-46A5-8FDD-9BC9C10BD633}.Debug|x64.Build.0 = Debug|Any CPU
		{4B662E8C-5439-46A5-8FDD-9BC9C10BD633}.Debug|x86.ActiveCfg = Debug|Any CPU
		{4B662E8C-5439-46A5-8FDD-9BC9C10BD633}.Debug|x86.Build.0 = Debug|Any CPU
		{4B662E8C-5439-46A5-8FDD-9BC9C10BD633}.Release|Any CPU.ActiveCfg = Release|Any CPU
		{4B662E8C-5439-46A5-8FDD-9BC9C10BD633}.Release|Any CPU.Build.0 = Release|Any CPU
		{4B662E8C-5439-46A5-8FDD-9BC9C10BD633}.Release|x64.ActiveCfg = Release|Any CPU
		{4B662E8C-5439-46A5-8FDD-9BC9C10BD633}.Release|x64.Build.0 = Release|Any CPU
		{4B662E8C-5439-46A5-8FDD-9BC9C10BD633}.Release|x86.ActiveCfg = Release|Any CPU
		{4B662E8C-5439-46A5-8FDD-9BC9C10BD633}.Release|x86.Build.0 = Release|Any CPU
		{5360DB85-7B78-4364-96B6-FAEB3BB8FC78}.Debug|Any CPU.ActiveCfg = Debug|Any CPU
		{5360DB85-7B78-4364-96B6-FAEB3BB8FC78}.Debug|Any CPU.Build.0 = Debug|Any CPU
		{5360DB85-7B78-4364-96B6-FAEB3BB8FC78}.Debug|x64.ActiveCfg = Debug|Any CPU
		{5360DB85-7B78-4364-96B6-FAEB3BB8FC78}.Debug|x64.Build.0 = Debug|Any CPU
		{5360DB85-7B78-4364-96B6-FAEB3BB8FC78}.Debug|x86.ActiveCfg = Debug|Any CPU
		{5360DB85-7B78-4364-96B6-FAEB3BB8FC78}.Debug|x86.Build.0 = Debug|Any CPU
		{5360DB85-7B78-4364-96B6-FAEB3BB8FC78}.Release|Any CPU.ActiveCfg = Release|Any CPU
		{5360DB85-7B78-4364-96B6-FAEB3BB8FC78}.Release|Any CPU.Build.0 = Release|Any CPU
		{5360DB85-7B78-4364-96B6-FAEB3BB8FC78}.Release|x64.ActiveCfg = Release|Any CPU
		{5360DB85-7B78-4364-96B6-FAEB3BB8FC78}.Release|x64.Build.0 = Release|Any CPU
		{5360DB85-7B78-4364-96B6-FAEB3BB8FC78}.Release|x86.ActiveCfg = Release|Any CPU
		{5360DB85-7B78-4364-96B6-FAEB3BB8FC78}.Release|x86.Build.0 = Release|Any CPU
		{4016BD7F-7A09-4A7E-ABF2-2DB4AB497AF8}.Debug|Any CPU.ActiveCfg = Debug|Any CPU
		{4016BD7F-7A09-4A7E-ABF2-2DB4AB497AF8}.Debug|Any CPU.Build.0 = Debug|Any CPU
		{4016BD7F-7A09-4A7E-ABF2-2DB4AB497AF8}.Debug|x64.ActiveCfg = Debug|Any CPU
		{4016BD7F-7A09-4A7E-ABF2-2DB4AB497AF8}.Debug|x64.Build.0 = Debug|Any CPU
		{4016BD7F-7A09-4A7E-ABF2-2DB4AB497AF8}.Debug|x86.ActiveCfg = Debug|Any CPU
		{4016BD7F-7A09-4A7E-ABF2-2DB4AB497AF8}.Debug|x86.Build.0 = Debug|Any CPU
		{4016BD7F-7A09-4A7E-ABF2-2DB4AB497AF8}.Release|Any CPU.ActiveCfg = Release|Any CPU
		{4016BD7F-7A09-4A7E-ABF2-2DB4AB497AF8}.Release|Any CPU.Build.0 = Release|Any CPU
		{4016BD7F-7A09-4A7E-ABF2-2DB4AB497AF8}.Release|x64.ActiveCfg = Release|Any CPU
		{4016BD7F-7A09-4A7E-ABF2-2DB4AB497AF8}.Release|x64.Build.0 = Release|Any CPU
		{4016BD7F-7A09-4A7E-ABF2-2DB4AB497AF8}.Release|x86.ActiveCfg = Release|Any CPU
		{4016BD7F-7A09-4A7E-ABF2-2DB4AB497AF8}.Release|x86.Build.0 = Release|Any CPU
		{8D37F7F9-B9AC-FD6F-D94E-855E3FF25200}.Debug|Any CPU.ActiveCfg = Debug|Any CPU
		{8D37F7F9-B9AC-FD6F-D94E-855E3FF25200}.Debug|Any CPU.Build.0 = Debug|Any CPU
		{8D37F7F9-B9AC-FD6F-D94E-855E3FF25200}.Debug|x64.ActiveCfg = Debug|Any CPU
		{8D37F7F9-B9AC-FD6F-D94E-855E3FF25200}.Debug|x64.Build.0 = Debug|Any CPU
		{8D37F7F9-B9AC-FD6F-D94E-855E3FF25200}.Debug|x86.ActiveCfg = Debug|Any CPU
		{8D37F7F9-B9AC-FD6F-D94E-855E3FF25200}.Debug|x86.Build.0 = Debug|Any CPU
		{8D37F7F9-B9AC-FD6F-D94E-855E3FF25200}.Release|Any CPU.ActiveCfg = Release|Any CPU
		{8D37F7F9-B9AC-FD6F-D94E-855E3FF25200}.Release|Any CPU.Build.0 = Release|Any CPU
		{8D37F7F9-B9AC-FD6F-D94E-855E3FF25200}.Release|x64.ActiveCfg = Release|Any CPU
		{8D37F7F9-B9AC-FD6F-D94E-855E3FF25200}.Release|x64.Build.0 = Release|Any CPU
		{8D37F7F9-B9AC-FD6F-D94E-855E3FF25200}.Release|x86.ActiveCfg = Release|Any CPU
		{8D37F7F9-B9AC-FD6F-D94E-855E3FF25200}.Release|x86.Build.0 = Release|Any CPU
		{AC2E187E-5985-35DA-6337-8EB39FEC6917}.Debug|Any CPU.ActiveCfg = Debug|Any CPU
		{AC2E187E-5985-35DA-6337-8EB39FEC6917}.Debug|Any CPU.Build.0 = Debug|Any CPU
		{AC2E187E-5985-35DA-6337-8EB39FEC6917}.Debug|x64.ActiveCfg = Debug|Any CPU
		{AC2E187E-5985-35DA-6337-8EB39FEC6917}.Debug|x64.Build.0 = Debug|Any CPU
		{AC2E187E-5985-35DA-6337-8EB39FEC6917}.Debug|x86.ActiveCfg = Debug|Any CPU
		{AC2E187E-5985-35DA-6337-8EB39FEC6917}.Debug|x86.Build.0 = Debug|Any CPU
		{AC2E187E-5985-35DA-6337-8EB39FEC6917}.Release|Any CPU.ActiveCfg = Release|Any CPU
		{AC2E187E-5985-35DA-6337-8EB39FEC6917}.Release|Any CPU.Build.0 = Release|Any CPU
		{AC2E187E-5985-35DA-6337-8EB39FEC6917}.Release|x64.ActiveCfg = Release|Any CPU
		{AC2E187E-5985-35DA-6337-8EB39FEC6917}.Release|x64.Build.0 = Release|Any CPU
		{AC2E187E-5985-35DA-6337-8EB39FEC6917}.Release|x86.ActiveCfg = Release|Any CPU
		{AC2E187E-5985-35DA-6337-8EB39FEC6917}.Release|x86.Build.0 = Release|Any CPU
	EndGlobalSection
	GlobalSection(SolutionProperties) = preSolution
		HideSolutionNode = FALSE
	EndGlobalSection
	GlobalSection(NestedProjects) = preSolution
		{8D626EA8-CB54-BC41-363A-217881BEBA6E} = {827E0CD3-B72D-47B6-A68D-7590B98EB39B}
		{3ADE15C8-84C7-4DAA-81E2-CD5F99A991B8} = {8D626EA8-CB54-BC41-363A-217881BEBA6E}
		{E55D6FE5-F6FE-4784-A334-33463BC4423F} = {8D626EA8-CB54-BC41-363A-217881BEBA6E}
		{45685DD7-4660-4E68-9BF6-6C287D97EBCC} = {8D626EA8-CB54-BC41-363A-217881BEBA6E}
		{68D51686-3FE0-D6A9-BE68-1F75766C3817} = {827E0CD3-B72D-47B6-A68D-7590B98EB39B}
		{4B662E8C-5439-46A5-8FDD-9BC9C10BD633} = {68D51686-3FE0-D6A9-BE68-1F75766C3817}
		{CEA09484-30F6-4D44-02F6-822E06DBC57C} = {827E0CD3-B72D-47B6-A68D-7590B98EB39B}
		{5360DB85-7B78-4364-96B6-FAEB3BB8FC78} = {CEA09484-30F6-4D44-02F6-822E06DBC57C}
		{4016BD7F-7A09-4A7E-ABF2-2DB4AB497AF8} = {68D51686-3FE0-D6A9-BE68-1F75766C3817}
		{8D37F7F9-B9AC-FD6F-D94E-855E3FF25200} = {9C087ED9-8F72-4EF9-8241-6C9E1FE17531}
		{9C087ED9-8F72-4EF9-8241-6C9E1FE17531} = {827E0CD3-B72D-47B6-A68D-7590B98EB39B}
		{AC2E187E-5985-35DA-6337-8EB39FEC6917} = {9C087ED9-8F72-4EF9-8241-6C9E1FE17531}
	EndGlobalSection
EndGlobal
